dependencies:
- name: backend
  repository: file://../backend
  version: 0.1.0
- name: frontend
  repository: file://../frontend
  version: 0.1.0
- name: consumer
  repository: file://../consumer
  version: 0.1.0
- name: postgres
  repository: file://../postgres
  version: 0.1.0
- name: debezium
  repository: file://../debezium
  version: 0.1.0
- name: kafka
  repository: file://../kafka
  version: 0.1.0
digest: sha256:1d625f4774186d14349ea603f3dcd325b36e28ff632aa49cff31f15617a704df
generated: "2026-09-18T13:02:50.210342+05:30"
