dependencies:
- name: backend
  repository: file://../backend
  version: 0.1.0
- name: frontend
  repository: file://../frontend
  version: 0.1.0
- name: consumer
  repository: file://../consumer
  version: 0.1.0
digest: sha256:7fe863a836198d0a9ed0433b99d86e7b2049ae26363d81f4c1834c4f32d1268c
generated: "2026-09-11T02:23:52.29908+05:30"
