dependencies:
- name: auth-service
  repository: file://../auth-service
  version: 0.1.0
- name: backend
  repository: file://../backend
  version: 0.1.0
- name: frontend
  repository: file://../frontend
  version: 0.1.0
- name: consumer
  repository: file://../consumer
  version: 0.1.0
- name: postgres
  repository: file://../postgres
  version: 0.1.0
- name: debezium
  repository: file://../debezium
  version: 0.1.0
- name: kafka
  repository: file://../kafka
  version: 0.1.0
- name: elasticsearch
  repository: file://../elasticsearch
  version: 0.1.0
- name: kibana
  repository: file://../kibana
  version: 0.1.0
- name: kowl
  repository: file://../kowl
  version: 0.1.0
digest: sha256:16d8c01fe06b13d23b7a09a0a9c9507cd068c2dab89f42643bacf385f88eb00c
generated: "2026-10-02T23:57:45.883715+05:30"
